
Microsoft Visual Studio Solution File, Format Version 12.00
# Visual Studio Version 16
VisualStudioVersion = 16.0.32802.440
MinimumVisualStudioVersion = 10.0.40219.1
Project("{8BC9CEB8-8B4A-11D0-8D11-00A0C91BC942}") = "stringtest_3_18", "stringtest_3_18\stringtest_3_18.vcxproj", "{D27ECAC4-7423-4753-85AE-77BC47383571}"
EndProject
Global
	GlobalSection(SolutionConfigurationPlatforms) = preSolution
		Debug|x64 = Debug|x64
		Debug|x86 = Debug|x86
		Release|x64 = Release|x64
		Release|x86 = Release|x86
	EndGlobalSection
	GlobalSection(ProjectConfigurationPlatforms) = postSolution
		{D27ECAC4-7423-4753-85AE-77BC47383571}.Debug|x64.ActiveCfg = Debug|x64
		{D27ECAC4-7423-4753-85AE-77BC47383571}.Debug|x64.Build.0 = Debug|x64
		{D27ECAC4-7423-4753-85AE-77BC47383571}.Debug|x86.ActiveCfg = Debug|Win32
		{D27ECAC4-7423-4753-85AE-77BC47383571}.Debug|x86.Build.0 = Debug|Win32
		{D27ECAC4-7423-4753-85AE-77BC47383571}.Release|x64.ActiveCfg = Release|x64
		{D27ECAC4-7423-4753-85AE-77BC47383571}.Release|x64.Build.0 = Release|x64
		{D27ECAC4-7423-4753-85AE-77BC47383571}.Release|x86.ActiveCfg = Release|Win32
		{D27ECAC4-7423-4753-85AE-77BC47383571}.Release|x86.Build.0 = Release|Win32
	EndGlobalSection
	GlobalSection(SolutionProperties) = preSolution
		HideSolutionNode = FALSE
	EndGlobalSection
	GlobalSection(ExtensibilityGlobals) = postSolution
		SolutionGuid = {98446EF4-F505-4FF6-89F4-E98B42AB5077}
	EndGlobalSection
EndGlobal
