
Microsoft Visual Studio Solution File, Format Version 12.00
# Visual Studio Version 16
VisualStudioVersion = 16.0.32802.440
MinimumVisualStudioVersion = 10.0.40219.1
Project("{8BC9CEB8-8B4A-11D0-8D11-00A0C91BC942}") = "c_advanced", "c_advanced\c_advanced.vcxproj", "{B6C677F6-AEEC-4876-959A-205E7F4198B4}"
EndProject
Global
	GlobalSection(SolutionConfigurationPlatforms) = preSolution
		Debug|x64 = Debug|x64
		Debug|x86 = Debug|x86
		Release|x64 = Release|x64
		Release|x86 = Release|x86
	EndGlobalSection
	GlobalSection(ProjectConfigurationPlatforms) = postSolution
		{B6C677F6-AEEC-4876-959A-205E7F4198B4}.Debug|x64.ActiveCfg = Debug|x64
		{B6C677F6-AEEC-4876-959A-205E7F4198B4}.Debug|x64.Build.0 = Debug|x64
		{B6C677F6-AEEC-4876-959A-205E7F4198B4}.Debug|x86.ActiveCfg = Debug|Win32
		{B6C677F6-AEEC-4876-959A-205E7F4198B4}.Debug|x86.Build.0 = Debug|Win32
		{B6C677F6-AEEC-4876-959A-205E7F4198B4}.Release|x64.ActiveCfg = Release|x64
		{B6C677F6-AEEC-4876-959A-205E7F4198B4}.Release|x64.Build.0 = Release|x64
		{B6C677F6-AEEC-4876-959A-205E7F4198B4}.Release|x86.ActiveCfg = Release|Win32
		{B6C677F6-AEEC-4876-959A-205E7F4198B4}.Release|x86.Build.0 = Release|Win32
	EndGlobalSection
	GlobalSection(SolutionProperties) = preSolution
		HideSolutionNode = FALSE
	EndGlobalSection
	GlobalSection(ExtensibilityGlobals) = postSolution
		SolutionGuid = {4D8D7F72-7BA1-4133-8BB1-38263CE21F92}
	EndGlobalSection
EndGlobal
