
Microsoft Visual Studio Solution File, Format Version 12.00
# Visual Studio Version 16
VisualStudioVersion = 16.0.32802.440
MinimumVisualStudioVersion = 10.0.40219.1
Project("{8BC9CEB8-8B4A-11D0-8D11-00A0C91BC942}") = "EasySort_1_29", "EasySort_1_29\EasySort_1_29.vcxproj", "{1C4F5708-04B6-418D-AAF3-3AB7CE2F54CF}"
EndProject
Global
	GlobalSection(SolutionConfigurationPlatforms) = preSolution
		Debug|x64 = Debug|x64
		Debug|x86 = Debug|x86
		Release|x64 = Release|x64
		Release|x86 = Release|x86
	EndGlobalSection
	GlobalSection(ProjectConfigurationPlatforms) = postSolution
		{1C4F5708-04B6-418D-AAF3-3AB7CE2F54CF}.Debug|x64.ActiveCfg = Debug|x64
		{1C4F5708-04B6-418D-AAF3-3AB7CE2F54CF}.Debug|x64.Build.0 = Debug|x64
		{1C4F5708-04B6-418D-AAF3-3AB7CE2F54CF}.Debug|x86.ActiveCfg = Debug|Win32
		{1C4F5708-04B6-418D-AAF3-3AB7CE2F54CF}.Debug|x86.Build.0 = Debug|Win32
		{1C4F5708-04B6-418D-AAF3-3AB7CE2F54CF}.Release|x64.ActiveCfg = Release|x64
		{1C4F5708-04B6-418D-AAF3-3AB7CE2F54CF}.Release|x64.Build.0 = Release|x64
		{1C4F5708-04B6-418D-AAF3-3AB7CE2F54CF}.Release|x86.ActiveCfg = Release|Win32
		{1C4F5708-04B6-418D-AAF3-3AB7CE2F54CF}.Release|x86.Build.0 = Release|Win32
	EndGlobalSection
	GlobalSection(SolutionProperties) = preSolution
		HideSolutionNode = FALSE
	EndGlobalSection
	GlobalSection(ExtensibilityGlobals) = postSolution
		SolutionGuid = {F2A89DE2-227D-4DBA-8FA2-18CCABF502E9}
	EndGlobalSection
EndGlobal
