
Microsoft Visual Studio Solution File, Format Version 12.00
# Visual Studio Version 16
VisualStudioVersion = 16.0.32802.440
MinimumVisualStudioVersion = 10.0.40219.1
Project("{8BC9CEB8-8B4A-11D0-8D11-00A0C91BC942}") = "test-7-2", "test-7-2\test-7-2.vcxproj", "{1541072B-7601-4CB0-AA93-F54886C0A13D}"
EndProject
Global
	GlobalSection(SolutionConfigurationPlatforms) = preSolution
		Debug|x64 = Debug|x64
		Debug|x86 = Debug|x86
		Release|x64 = Release|x64
		Release|x86 = Release|x86
	EndGlobalSection
	GlobalSection(ProjectConfigurationPlatforms) = postSolution
		{1541072B-7601-4CB0-AA93-F54886C0A13D}.Debug|x64.ActiveCfg = Debug|x64
		{1541072B-7601-4CB0-AA93-F54886C0A13D}.Debug|x64.Build.0 = Debug|x64
		{1541072B-7601-4CB0-AA93-F54886C0A13D}.Debug|x86.ActiveCfg = Debug|Win32
		{1541072B-7601-4CB0-AA93-F54886C0A13D}.Debug|x86.Build.0 = Debug|Win32
		{1541072B-7601-4CB0-AA93-F54886C0A13D}.Release|x64.ActiveCfg = Release|x64
		{1541072B-7601-4CB0-AA93-F54886C0A13D}.Release|x64.Build.0 = Release|x64
		{1541072B-7601-4CB0-AA93-F54886C0A13D}.Release|x86.ActiveCfg = Release|Win32
		{1541072B-7601-4CB0-AA93-F54886C0A13D}.Release|x86.Build.0 = Release|Win32
	EndGlobalSection
	GlobalSection(SolutionProperties) = preSolution
		HideSolutionNode = FALSE
	EndGlobalSection
	GlobalSection(ExtensibilityGlobals) = postSolution
		SolutionGuid = {B1734EB4-9FAC-4F89-8E63-5C7C8D100C11}
	EndGlobalSection
EndGlobal
